// !$*UTF8*$!
{
	archiveVersion = 1;
	classes = {
	};
	objectVersion = 56;
	objects = {

/* Begin PBXBuildFile section */
		9C52C88629B746D1004A1E41 /* BackButton.swift in Sources */ = {isa = PBXBuildFile; fileRef = 9C52C88529B746D1004A1E41 /* BackButton.swift */; };
		9C52C88829B7875F004A1E41 /* ForgottenPassword.swift in Sources */ = {isa = PBXBuildFile; fileRef = 9C52C88729B7875F004A1E41 /* ForgottenPassword.swift */; };
		9C72788E29B68ABF00E740C3 /* LoginView.swift in Sources */ = {isa = PBXBuildFile; fileRef = 9C72788D29B68ABF00E740C3 /* LoginView.swift */; };
		9C93A2EB29B651EF00CE5943 /* CookpediaApp.swift in Sources */ = {isa = PBXBuildFile; fileRef = 9C93A2EA29B651EF00CE5943 /* CookpediaApp.swift */; };
		9C93A2ED29B651EF00CE5943 /* ContentView.swift in Sources */ = {isa = PBXBuildFile; fileRef = 9C93A2EC29B651EF00CE5943 /* ContentView.swift */; };
		9C93A2EF29B651F000CE5943 /* Assets.xcassets in Resources */ = {isa = PBXBuildFile; fileRef = 9C93A2EE29B651F000CE5943 /* Assets.xcassets */; };
		9C93A2F229B651F000CE5943 /* Preview Assets.xcassets in Resources */ = {isa = PBXBuildFile; fileRef = 9C93A2F129B651F000CE5943 /* Preview Assets.xcassets */; };
		9C93A30B29B6531800CE5943 /* Urbanist-Regular.ttf in Resources */ = {isa = PBXBuildFile; fileRef = 9C93A2F929B6531800CE5943 /* Urbanist-Regular.ttf */; };
		9C93A30C29B6531800CE5943 /* Urbanist-ThinItalic.ttf in Resources */ = {isa = PBXBuildFile; fileRef = 9C93A2FA29B6531800CE5943 /* Urbanist-ThinItalic.ttf */; };
		9C93A30D29B6531800CE5943 /* Urbanist-SemiBold.ttf in Resources */ = {isa = PBXBuildFile; fileRef = 9C93A2FB29B6531800CE5943 /* Urbanist-SemiBold.ttf */; };
		9C93A30E29B6531800CE5943 /* Urbanist-Thin.ttf in Resources */ = {isa = PBXBuildFile; fileRef = 9C93A2FC29B6531800CE5943 /* Urbanist-Thin.ttf */; };
		9C93A30F29B6531800CE5943 /* Urbanist-BlackItalic.ttf in Resources */ = {isa = PBXBuildFile; fileRef = 9C93A2FD29B6531800CE5943 /* Urbanist-BlackItalic.ttf */; };
		9C93A31029B6531800CE5943 /* Urbanist-ExtraLight.ttf in Resources */ = {isa = PBXBuildFile; fileRef = 9C93A2FE29B6531800CE5943 /* Urbanist-ExtraLight.ttf */; };
		9C93A31129B6531800CE5943 /* Urbanist-Medium.ttf in Resources */ = {isa = PBXBuildFile; fileRef = 9C93A2FF29B6531800CE5943 /* Urbanist-Medium.ttf */; };
		9C93A31229B6531800CE5943 /* Urbanist-SemiBoldItalic.ttf in Resources */ = {isa = PBXBuildFile; fileRef = 9C93A30029B6531800CE5943 /* Urbanist-SemiBoldItalic.ttf */; };
		9C93A31329B6531800CE5943 /* Urbanist-ExtraLightItalic.ttf in Resources */ = {isa = PBXBuildFile; fileRef = 9C93A30129B6531800CE5943 /* Urbanist-ExtraLightItalic.ttf */; };
		9C93A31429B6531800CE5943 /* Urbanist-ExtraBold.ttf in Resources */ = {isa = PBXBuildFile; fileRef = 9C93A30229B6531800CE5943 /* Urbanist-ExtraBold.ttf */; };
		9C93A31529B6531800CE5943 /* Urbanist-Bold.ttf in Resources */ = {isa = PBXBuildFile; fileRef = 9C93A30329B6531800CE5943 /* Urbanist-Bold.ttf */; };
		9C93A31629B6531800CE5943 /* Urbanist-MediumItalic.ttf in Resources */ = {isa = PBXBuildFile; fileRef = 9C93A30429B6531800CE5943 /* Urbanist-MediumItalic.ttf */; };
		9C93A31729B6531800CE5943 /* Urbanist-LightItalic.ttf in Resources */ = {isa = PBXBuildFile; fileRef = 9C93A30529B6531800CE5943 /* Urbanist-LightItalic.ttf */; };
		9C93A31829B6531800CE5943 /* Urbanist-Light.ttf in Resources */ = {isa = PBXBuildFile; fileRef = 9C93A30629B6531800CE5943 /* Urbanist-Light.ttf */; };
		9C93A31929B6531800CE5943 /* Urbanist-Black.ttf in Resources */ = {isa = PBXBuildFile; fileRef = 9C93A30729B6531800CE5943 /* Urbanist-Black.ttf */; };
		9C93A31A29B6531800CE5943 /* Urbanist-BoldItalic.ttf in Resources */ = {isa = PBXBuildFile; fileRef = 9C93A30829B6531800CE5943 /* Urbanist-BoldItalic.ttf */; };
		9C93A31B29B6531800CE5943 /* Urbanist-ExtraBoldItalic.ttf in Resources */ = {isa = PBXBuildFile; fileRef = 9C93A30929B6531800CE5943 /* Urbanist-ExtraBoldItalic.ttf */; };
		9C93A31C29B6531800CE5943 /* Urbanist-Italic.ttf in Resources */ = {isa = PBXBuildFile; fileRef = 9C93A30A29B6531800CE5943 /* Urbanist-Italic.ttf */; };
/* End PBXBuildFile section */

/* Begin PBXFileReference section */
		9C52C88529B746D1004A1E41 /* BackButton.swift */ = {isa = PBXFileReference; lastKnownFileType = sourcecode.swift; path = BackButton.swift; sourceTree = "<group>"; };
		9C52C88729B7875F004A1E41 /* ForgottenPassword.swift */ = {isa = PBXFileReference; lastKnownFileType = sourcecode.swift; path = ForgottenPassword.swift; sourceTree = "<group>"; };
		9C72788D29B68ABF00E740C3 /* LoginView.swift */ = {isa = PBXFileReference; lastKnownFileType = sourcecode.swift; path = LoginView.swift; sourceTree = "<group>"; };
		9C93A2E729B651EF00CE5943 /* Cookpedia.app */ = {isa = PBXFileReference; explicitFileType = wrapper.application; includeInIndex = 0; path = Cookpedia.app; sourceTree = BUILT_PRODUCTS_DIR; };
		9C93A2EA29B651EF00CE5943 /* CookpediaApp.swift */ = {isa = PBXFileReference; lastKnownFileType = sourcecode.swift; path = CookpediaApp.swift; sourceTree = "<group>"; };
		9C93A2EC29B651EF00CE5943 /* ContentView.swift */ = {isa = PBXFileReference; lastKnownFileType = sourcecode.swift; path = ContentView.swift; sourceTree = "<group>"; };
		9C93A2EE29B651F000CE5943 /* Assets.xcassets */ = {isa = PBXFileReference; lastKnownFileType = folder.assetcatalog; path = Assets.xcassets; sourceTree = "<group>"; };
		9C93A2F129B651F000CE5943 /* Preview Assets.xcassets */ = {isa = PBXFileReference; lastKnownFileType = folder.assetcatalog; path = "Preview Assets.xcassets"; sourceTree = "<group>"; };
		9C93A2F929B6531800CE5943 /* Urbanist-Regular.ttf */ = {isa = PBXFileReference; lastKnownFileType = file; path = "Urbanist-Regular.ttf"; sourceTree = "<group>"; };
		9C93A2FA29B6531800CE5943 /* Urbanist-ThinItalic.ttf */ = {isa = PBXFileReference; lastKnownFileType = file; path = "Urbanist-ThinItalic.ttf"; sourceTree = "<group>"; };
		9C93A2FB29B6531800CE5943 /* Urbanist-SemiBold.ttf */ = {isa = PBXFileReference; lastKnownFileType = file; path = "Urbanist-SemiBold.ttf"; sourceTree = "<group>"; };
		9C93A2FC29B6531800CE5943 /* Urbanist-Thin.ttf */ = {isa = PBXFileReference; lastKnownFileType = file; path = "Urbanist-Thin.ttf"; sourceTree = "<group>"; };
		9C93A2FD29B6531800CE5943 /* Urbanist-BlackItalic.ttf */ = {isa = PBXFileReference; lastKnownFileType = file; path = "Urbanist-BlackItalic.ttf"; sourceTree = "<group>"; };
		9C93A2FE29B6531800CE5943 /* Urbanist-ExtraLight.ttf */ = {isa = PBXFileReference; lastKnownFileType = file; path = "Urbanist-ExtraLight.ttf"; sourceTree = "<group>"; };
		9C93A2FF29B6531800CE5943 /* Urbanist-Medium.ttf */ = {isa = PBXFileReference; lastKnownFileType = file; path = "Urbanist-Medium.ttf"; sourceTree = "<group>"; };
		9C93A30029B6531800CE5943 /* Urbanist-SemiBoldItalic.ttf */ = {isa = PBXFileReference; lastKnownFileType = file; path = "Urbanist-SemiBoldItalic.ttf"; sourceTree = "<group>"; };
		9C93A30129B6531800CE5943 /* Urbanist-ExtraLightItalic.ttf */ = {isa = PBXFileReference; lastKnownFileType = file; path = "Urbanist-ExtraLightItalic.ttf"; sourceTree = "<group>"; };
		9C93A30229B6531800CE5943 /* Urbanist-ExtraBold.ttf */ = {isa = PBXFileReference; lastKnownFileType = file; path = "Urbanist-ExtraBold.ttf"; sourceTree = "<group>"; };
		9C93A30329B6531800CE5943 /* Urbanist-Bold.ttf */ = {isa = PBXFileReference; lastKnownFileType = file; path = "Urbanist-Bold.ttf"; sourceTree = "<group>"; };
		9C93A30429B6531800CE5943 /* Urbanist-MediumItalic.ttf */ = {isa = PBXFileReference; lastKnownFileType = file; path = "Urbanist-MediumItalic.ttf"; sourceTree = "<group>"; };
		9C93A30529B6531800CE5943 /* Urbanist-LightItalic.ttf */ = {isa = PBXFileReference; lastKnownFileType = file; path = "Urbanist-LightItalic.ttf"; sourceTree = "<group>"; };
		9C93A30629B6531800CE5943 /* Urbanist-Light.ttf */ = {isa = PBXFileReference; lastKnownFileType = file; path = "Urbanist-Light.ttf"; sourceTree = "<group>"; };
		9C93A30729B6531800CE5943 /* Urbanist-Black.ttf */ = {isa = PBXFileReference; lastKnownFileType = file; path = "Urbanist-Black.ttf"; sourceTree = "<group>"; };
		9C93A30829B6531800CE5943 /* Urbanist-BoldItalic.ttf */ = {isa = PBXFileReference; lastKnownFileType = file; path = "Urbanist-BoldItalic.ttf"; sourceTree = "<group>"; };
		9C93A30929B6531800CE5943 /* Urbanist-ExtraBoldItalic.ttf */ = {isa = PBXFileReference; lastKnownFileType = file; path = "Urbanist-ExtraBoldItalic.ttf"; sourceTree = "<group>"; };
		9C93A30A29B6531800CE5943 /* Urbanist-Italic.ttf */ = {isa = PBXFileReference; lastKnownFileType = file; path = "Urbanist-Italic.ttf"; sourceTree = "<group>"; };
		9C93A31D29B6536900CE5943 /* Info.plist */ = {isa = PBXFileReference; lastKnownFileType = text.plist; path = Info.plist; sourceTree = "<group>"; };
/* End PBXFileReference section */

/* Begin PBXFrameworksBuildPhase section */
		9C93A2E429B651EF00CE5943 /* Frameworks */ = {
			isa = PBXFrameworksBuildPhase;
			buildActionMask = 2147483647;
			files = (
			);
			runOnlyForDeploymentPostprocessing = 0;
		};
/* End PBXFrameworksBuildPhase section */

/* Begin PBXGroup section */
		9C93A2DE29B651EF00CE5943 = {
			isa = PBXGroup;
			children = (
				9C93A2E929B651EF00CE5943 /* Cookpedia */,
				9C93A2E829B651EF00CE5943 /* Products */,
			);
			sourceTree = "<group>";
		};
		9C93A2E829B651EF00CE5943 /* Products */ = {
			isa = PBXGroup;
			children = (
				9C93A2E729B651EF00CE5943 /* Cookpedia.app */,
			);
			name = Products;
			sourceTree = "<group>";
		};
		9C93A2E929B651EF00CE5943 /* Cookpedia */ = {
			isa = PBXGroup;
			children = (
				9C93A31D29B6536900CE5943 /* Info.plist */,
				9C93A2F829B652E600CE5943 /* Fonts */,
				9C93A2EA29B651EF00CE5943 /* CookpediaApp.swift */,
				9C93A2EC29B651EF00CE5943 /* ContentView.swift */,
				9C52C88529B746D1004A1E41 /* BackButton.swift */,
				9C52C88729B7875F004A1E41 /* ForgottenPassword.swift */,
				9C72788D29B68ABF00E740C3 /* LoginView.swift */,
				9C93A2EE29B651F000CE5943 /* Assets.xcassets */,
				9C93A2F029B651F000CE5943 /* Preview Content */,
			);
			path = Cookpedia;
			sourceTree = "<group>";
		};
		9C93A2F029B651F000CE5943 /* Preview Content */ = {
			isa = PBXGroup;
			children = (
				9C93A2F129B651F000CE5943 /* Preview Assets.xcassets */,
			);
			path = "Preview Content";
			sourceTree = "<group>";
		};
		9C93A2F829B652E600CE5943 /* Fonts */ = {
			isa = PBXGroup;
			children = (
				9C93A30729B6531800CE5943 /* Urbanist-Black.ttf */,
				9C93A2FD29B6531800CE5943 /* Urbanist-BlackItalic.ttf */,
				9C93A30329B6531800CE5943 /* Urbanist-Bold.ttf */,
				9C93A30829B6531800CE5943 /* Urbanist-BoldItalic.ttf */,
				9C93A30229B6531800CE5943 /* Urbanist-ExtraBold.ttf */,
				9C93A30929B6531800CE5943 /* Urbanist-ExtraBoldItalic.ttf */,
				9C93A2FE29B6531800CE5943 /* Urbanist-ExtraLight.ttf */,
				9C93A30129B6531800CE5943 /* Urbanist-ExtraLightItalic.ttf */,
				9C93A30A29B6531800CE5943 /* Urbanist-Italic.ttf */,
				9C93A30629B6531800CE5943 /* Urbanist-Light.ttf */,
				9C93A30529B6531800CE5943 /* Urbanist-LightItalic.ttf */,
				9C93A2FF29B6531800CE5943 /* Urbanist-Medium.ttf */,
				9C93A30429B6531800CE5943 /* Urbanist-MediumItalic.ttf */,
				9C93A2F929B6531800CE5943 /* Urbanist-Regular.ttf */,
				9C93A2FB29B6531800CE5943 /* Urbanist-SemiBold.ttf */,
				9C93A30029B6531800CE5943 /* Urbanist-SemiBoldItalic.ttf */,
				9C93A2FC29B6531800CE5943 /* Urbanist-Thin.ttf */,
				9C93A2FA29B6531800CE5943 /* Urbanist-ThinItalic.ttf */,
			);
			path = Fonts;
			sourceTree = "<group>";
		};
/* End PBXGroup section */

/* Begin PBXNativeTarget section */
		9C93A2E629B651EF00CE5943 /* Cookpedia */ = {
			isa = PBXNativeTarget;
			buildConfigurationList = 9C93A2F529B651F000CE5943 /* Build configuration list for PBXNativeTarget "Cookpedia" */;
			buildPhases = (
				9C93A2E329B651EF00CE5943 /* Sources */,
				9C93A2E429B651EF00CE5943 /* Frameworks */,
				9C93A2E529B651EF00CE5943 /* Resources */,
			);
			buildRules = (
			);
			dependencies = (
			);
			name = Cookpedia;
			productName = Cookpedia;
			productReference = 9C93A2E729B651EF00CE5943 /* Cookpedia.app */;
			productType = "com.apple.product-type.application";
		};
/* End PBXNativeTarget section */

/* Begin PBXProject section */
		9C93A2DF29B651EF00CE5943 /* Project object */ = {
			isa = PBXProject;
			attributes = {
				BuildIndependentTargetsInParallel = 1;
				LastSwiftUpdateCheck = 1420;
				LastUpgradeCheck = 1420;
				TargetAttributes = {
					9C93A2E629B651EF00CE5943 = {
						CreatedOnToolsVersion = 14.2;
					};
				};
			};
			buildConfigurationList = 9C93A2E229B651EF00CE5943 /* Build configuration list for PBXProject "Cookpedia" */;
			compatibilityVersion = "Xcode 14.0";
			developmentRegion = en;
			hasScannedForEncodings = 0;
			knownRegions = (
				en,
				Base,
			);
			mainGroup = 9C93A2DE29B651EF00CE5943;
			productRefGroup = 9C93A2E829B651EF00CE5943 /* Products */;
			projectDirPath = "";
			projectRoot = "";
			targets = (
				9C93A2E629B651EF00CE5943 /* Cookpedia */,
			);
		};
/* End PBXProject section */

/* Begin PBXResourcesBuildPhase section */
		9C93A2E529B651EF00CE5943 /* Resources */ = {
			isa = PBXResourcesBuildPhase;
			buildActionMask = 2147483647;
			files = (
				9C93A31329B6531800CE5943 /* Urbanist-ExtraLightItalic.ttf in Resources */,
				9C93A30D29B6531800CE5943 /* Urbanist-SemiBold.ttf in Resources */,
				9C93A31129B6531800CE5943 /* Urbanist-Medium.ttf in Resources */,
				9C93A31A29B6531800CE5943 /* Urbanist-BoldItalic.ttf in Resources */,
				9C93A2F229B651F000CE5943 /* Preview Assets.xcassets in Resources */,
				9C93A31229B6531800CE5943 /* Urbanist-SemiBoldItalic.ttf in Resources */,
				9C93A30C29B6531800CE5943 /* Urbanist-ThinItalic.ttf in Resources */,
				9C93A30E29B6531800CE5943 /* Urbanist-Thin.ttf in Resources */,
				9C93A31529B6531800CE5943 /* Urbanist-Bold.ttf in Resources */,
				9C93A31029B6531800CE5943 /* Urbanist-ExtraLight.ttf in Resources */,
				9C93A31929B6531800CE5943 /* Urbanist-Black.ttf in Resources */,
				9C93A31429B6531800CE5943 /* Urbanist-ExtraBold.ttf in Resources */,
				9C93A2EF29B651F000CE5943 /* Assets.xcassets in Resources */,
				9C93A31829B6531800CE5943 /* Urbanist-Light.ttf in Resources */,
				9C93A31C29B6531800CE5943 /* Urbanist-Italic.ttf in Resources */,
				9C93A31B29B6531800CE5943 /* Urbanist-ExtraBoldItalic.ttf in Resources */,
				9C93A31629B6531800CE5943 /* Urbanist-MediumItalic.ttf in Resources */,
				9C93A31729B6531800CE5943 /* Urbanist-LightItalic.ttf in Resources */,
				9C93A30F29B6531800CE5943 /* Urbanist-BlackItalic.ttf in Resources */,
				9C93A30B29B6531800CE5943 /* Urbanist-Regular.ttf in Resources */,
			);
			runOnlyForDeploymentPostprocessing = 0;
		};
/* End PBXResourcesBuildPhase section */

/* Begin PBXSourcesBuildPhase section */
		9C93A2E329B651EF00CE5943 /* Sources */ = {
			isa = PBXSourcesBuildPhase;
			buildActionMask = 2147483647;
			files = (
				9C52C88629B746D1004A1E41 /* BackButton.swift in Sources */,
				9C72788E29B68ABF00E740C3 /* LoginView.swift in Sources */,
				9C93A2ED29B651EF00CE5943 /* ContentView.swift in Sources */,
				9C93A2EB29B651EF00CE5943 /* CookpediaApp.swift in Sources */,
				9C52C88829B7875F004A1E41 /* ForgottenPassword.swift in Sources */,
			);
			runOnlyForDeploymentPostprocessing = 0;
		};
/* End PBXSourcesBuildPhase section */

/* Begin XCBuildConfiguration section */
		9C93A2F329B651F000CE5943 /* Debug */ = {
			isa = XCBuildConfiguration;
			buildSettings = {
				ALWAYS_SEARCH_USER_PATHS = NO;
				CLANG_ANALYZER_NONNULL = YES;
				CLANG_ANALYZER_NUMBER_OBJECT_CONVERSION = YES_AGGRESSIVE;
				CLANG_CXX_LANGUAGE_STANDARD = "gnu++20";
				CLANG_ENABLE_MODULES = YES;
				CLANG_ENABLE_OBJC_ARC = YES;
				CLANG_ENABLE_OBJC_WEAK = YES;
				CLANG_WARN_BLOCK_CAPTURE_AUTORELEASING = YES;
				CLANG_WARN_BOOL_CONVERSION = YES;
				CLANG_WARN_COMMA = YES;
				CLANG_WARN_CONSTANT_CONVERSION = YES;
				CLANG_WARN_DEPRECATED_OBJC_IMPLEMENTATIONS = YES;
				CLANG_WARN_DIRECT_OBJC_ISA_USAGE = YES_ERROR;
				CLANG_WARN_DOCUMENTATION_COMMENTS = YES;
				CLANG_WARN_EMPTY_BODY = YES;
				CLANG_WARN_ENUM_CONVERSION = YES;
				CLANG_WARN_INFINITE_RECURSION = YES;
				CLANG_WARN_INT_CONVERSION = YES;
				CLANG_WARN_NON_LITERAL_NULL_CONVERSION = YES;
				CLANG_WARN_OBJC_IMPLICIT_RETAIN_SELF = YES;
				CLANG_WARN_OBJC_LITERAL_CONVERSION = YES;
				CLANG_WARN_OBJC_ROOT_CLASS = YES_ERROR;
				CLANG_WARN_QUOTED_INCLUDE_IN_FRAMEWORK_HEADER = YES;
				CLANG_WARN_RANGE_LOOP_ANALYSIS = YES;
				CLANG_WARN_STRICT_PROTOTYPES = YES;
				CLANG_WARN_SUSPICIOUS_MOVE = YES;
				CLANG_WARN_UNGUARDED_AVAILABILITY = YES_AGGRESSIVE;
				CLANG_WARN_UNREACHABLE_CODE = YES;
				CLANG_WARN__DUPLICATE_METHOD_MATCH = YES;
				COPY_PHASE_STRIP = NO;
				DEBUG_INFORMATION_FORMAT = dwarf;
				ENABLE_STRICT_OBJC_MSGSEND = YES;
				ENABLE_TESTABILITY = YES;
				GCC_C_LANGUAGE_STANDARD = gnu11;
				GCC_DYNAMIC_NO_PIC = NO;
				GCC_NO_COMMON_BLOCKS = YES;
				GCC_OPTIMIZATION_LEVEL = 0;
				GCC_PREPROCESSOR_DEFINITIONS = (
					"DEBUG=1",
					"$(inherited)",
				);
				GCC_WARN_64_TO_32_BIT_CONVERSION = YES;
				GCC_WARN_ABOUT_RETURN_TYPE = YES_ERROR;
				GCC_WARN_UNDECLARED_SELECTOR = YES;
				GCC_WARN_UNINITIALIZED_AUTOS = YES_AGGRESSIVE;
				GCC_WARN_UNUSED_FUNCTION = YES;
				GCC_WARN_UNUSED_VARIABLE = YES;
				IPHONEOS_DEPLOYMENT_TARGET = 16.2;
				MTL_ENABLE_DEBUG_INFO = INCLUDE_SOURCE;
				MTL_FAST_MATH = YES;
				ONLY_ACTIVE_ARCH = YES;
				SDKROOT = iphoneos;
				SWIFT_ACTIVE_COMPILATION_CONDITIONS = DEBUG;
				SWIFT_OPTIMIZATION_LEVEL = "-Onone";
			};
			name = Debug;
		};
		9C93A2F429B651F000CE5943 /* Release */ = {
			isa = XCBuildConfiguration;
			buildSettings = {
				ALWAYS_SEARCH_USER_PATHS = NO;
				CLANG_ANALYZER_NONNULL = YES;
				CLANG_ANALYZER_NUMBER_OBJECT_CONVERSION = YES_AGGRESSIVE;
				CLANG_CXX_LANGUAGE_STANDARD = "gnu++20";
				CLANG_ENABLE_MODULES = YES;
				CLANG_ENABLE_OBJC_ARC = YES;
				CLANG_ENABLE_OBJC_WEAK = YES;
				CLANG_WARN_BLOCK_CAPTURE_AUTORELEASING = YES;
				CLANG_WARN_BOOL_CONVERSION = YES;
				CLANG_WARN_COMMA = YES;
				CLANG_WARN_CONSTANT_CONVERSION = YES;
				CLANG_WARN_DEPRECATED_OBJC_IMPLEMENTATIONS = YES;
				CLANG_WARN_DIRECT_OBJC_ISA_USAGE = YES_ERROR;
				CLANG_WARN_DOCUMENTATION_COMMENTS = YES;
				CLANG_WARN_EMPTY_BODY = YES;
				CLANG_WARN_ENUM_CONVERSION = YES;
				CLANG_WARN_INFINITE_RECURSION = YES;
				CLANG_WARN_INT_CONVERSION = YES;
				CLANG_WARN_NON_LITERAL_NULL_CONVERSION = YES;
				CLANG_WARN_OBJC_IMPLICIT_RETAIN_SELF = YES;
				CLANG_WARN_OBJC_LITERAL_CONVERSION = YES;
				CLANG_WARN_OBJC_ROOT_CLASS = YES_ERROR;
				CLANG_WARN_QUOTED_INCLUDE_IN_FRAMEWORK_HEADER = YES;
				CLANG_WARN_RANGE_LOOP_ANALYSIS = YES;
				CLANG_WARN_STRICT_PROTOTYPES = YES;
				CLANG_WARN_SUSPICIOUS_MOVE = YES;
				CLANG_WARN_UNGUARDED_AVAILABILITY = YES_AGGRESSIVE;
				CLANG_WARN_UNREACHABLE_CODE = YES;
				CLANG_WARN__DUPLICATE_METHOD_MATCH = YES;
				COPY_PHASE_STRIP = NO;
				DEBUG_INFORMATION_FORMAT = "dwarf-with-dsym";
				ENABLE_NS_ASSERTIONS = NO;
				ENABLE_STRICT_OBJC_MSGSEND = YES;
				GCC_C_LANGUAGE_STANDARD = gnu11;
				GCC_NO_COMMON_BLOCKS = YES;
				GCC_WARN_64_TO_32_BIT_CONVERSION = YES;
				GCC_WARN_ABOUT_RETURN_TYPE = YES_ERROR;
				GCC_WARN_UNDECLARED_SELECTOR = YES;
				GCC_WARN_UNINITIALIZED_AUTOS = YES_AGGRESSIVE;
				GCC_WARN_UNUSED_FUNCTION = YES;
				GCC_WARN_UNUSED_VARIABLE = YES;
				IPHONEOS_DEPLOYMENT_TARGET = 16.2;
				MTL_ENABLE_DEBUG_INFO = NO;
				MTL_FAST_MATH = YES;
				SDKROOT = iphoneos;
				SWIFT_COMPILATION_MODE = wholemodule;
				SWIFT_OPTIMIZATION_LEVEL = "-O";
				VALIDATE_PRODUCT = YES;
			};
			name = Release;
		};
		9C93A2F629B651F000CE5943 /* Debug */ = {
			isa = XCBuildConfiguration;
			buildSettings = {
				ASSETCATALOG_COMPILER_APPICON_NAME = AppIcon;
				ASSETCATALOG_COMPILER_GLOBAL_ACCENT_COLOR_NAME = AccentColor;
				CODE_SIGN_STYLE = Automatic;
				CURRENT_PROJECT_VERSION = 1;
				DEVELOPMENT_ASSET_PATHS = "\"Cookpedia/Preview Content\"";
				DEVELOPMENT_TEAM = 257XYBXF37;
				ENABLE_PREVIEWS = YES;
				GENERATE_INFOPLIST_FILE = YES;
				INFOPLIST_FILE = Cookpedia/Info.plist;
				INFOPLIST_KEY_UIApplicationSceneManifest_Generation = YES;
				INFOPLIST_KEY_UIApplicationSupportsIndirectInputEvents = YES;
				INFOPLIST_KEY_UILaunchScreen_Generation = YES;
				INFOPLIST_KEY_UISupportedInterfaceOrientations_iPad = "UIInterfaceOrientationPortrait UIInterfaceOrientationPortraitUpsideDown UIInterfaceOrientationLandscapeLeft UIInterfaceOrientationLandscapeRight";
				INFOPLIST_KEY_UISupportedInterfaceOrientations_iPhone = "UIInterfaceOrientationPortrait UIInterfaceOrientationLandscapeLeft UIInterfaceOrientationLandscapeRight";
				LD_RUNPATH_SEARCH_PATHS = (
					"$(inherited)",
					"@executable_path/Frameworks",
				);
				MARKETING_VERSION = 1.0;
				PRODUCT_BUNDLE_IDENTIFIER = "com.bilal-dallali.Cookpedia";
				PRODUCT_NAME = "$(TARGET_NAME)";
				SWIFT_EMIT_LOC_STRINGS = YES;
				SWIFT_VERSION = 5.0;
				TARGETED_DEVICE_FAMILY = "1,2";
			};
			name = Debug;
		};
		9C93A2F729B651F000CE5943 /* Release */ = {
			isa = XCBuildConfiguration;
			buildSettings = {
				ASSETCATALOG_COMPILER_APPICON_NAME = AppIcon;
				ASSETCATALOG_COMPILER_GLOBAL_ACCENT_COLOR_NAME = AccentColor;
				CODE_SIGN_STYLE = Automatic;
				CURRENT_PROJECT_VERSION = 1;
				DEVELOPMENT_ASSET_PATHS = "\"Cookpedia/Preview Content\"";
				DEVELOPMENT_TEAM = 257XYBXF37;
				ENABLE_PREVIEWS = YES;
				GENERATE_INFOPLIST_FILE = YES;
				INFOPLIST_FILE = Cookpedia/Info.plist;
				INFOPLIST_KEY_UIApplicationSceneManifest_Generation = YES;
				INFOPLIST_KEY_UIApplicationSupportsIndirectInputEvents = YES;
				INFOPLIST_KEY_UILaunchScreen_Generation = YES;
				INFOPLIST_KEY_UISupportedInterfaceOrientations_iPad = "UIInterfaceOrientationPortrait UIInterfaceOrientationPortraitUpsideDown UIInterfaceOrientationLandscapeLeft UIInterfaceOrientationLandscapeRight";
				INFOPLIST_KEY_UISupportedInterfaceOrientations_iPhone = "UIInterfaceOrientationPortrait UIInterfaceOrientationLandscapeLeft UIInterfaceOrientationLandscapeRight";
				LD_RUNPATH_SEARCH_PATHS = (
					"$(inherited)",
					"@executable_path/Frameworks",
				);
				MARKETING_VERSION = 1.0;
				PRODUCT_BUNDLE_IDENTIFIER = "com.bilal-dallali.Cookpedia";
				PRODUCT_NAME = "$(TARGET_NAME)";
				SWIFT_EMIT_LOC_STRINGS = YES;
				SWIFT_VERSION = 5.0;
				TARGETED_DEVICE_FAMILY = "1,2";
			};
			name = Release;
		};
/* End XCBuildConfiguration section */

/* Begin XCConfigurationList section */
		9C93A2E229B651EF00CE5943 /* Build configuration list for PBXProject "Cookpedia" */ = {
			isa = XCConfigurationList;
			buildConfigurations = (
				9C93A2F329B651F000CE5943 /* Debug */,
				9C93A2F429B651F000CE5943 /* Release */,
			);
			defaultConfigurationIsVisible = 0;
			defaultConfigurationName = Release;
		};
		9C93A2F529B651F000CE5943 /* Build configuration list for PBXNativeTarget "Cookpedia" */ = {
			isa = XCConfigurationList;
			buildConfigurations = (
				9C93A2F629B651F000CE5943 /* Debug */,
				9C93A2F729B651F000CE5943 /* Release */,
			);
			defaultConfigurationIsVisible = 0;
			defaultConfigurationName = Release;
		};
/* End XCConfigurationList section */
	};
	rootObject = 9C93A2DF29B651EF00CE5943 /* Project object */;
}
